// !$*UTF8*$!
{
	archiveVersion = 1;
	classes = {
	};
	objectVersion = 50;
	objects = {

/* Begin PBXBuildFile section */
		6E30D90D23BD9D59002F88D7 /* AppDelegate.swift in Sources */ = {isa = PBXBuildFile; fileRef = 6E30D90C23BD9D59002F88D7 /* AppDelegate.swift */; };
		6E30D90F23BD9D59002F88D7 /* SceneDelegate.swift in Sources */ = {isa = PBXBuildFile; fileRef = 6E30D90E23BD9D59002F88D7 /* SceneDelegate.swift */; };
		6E30D91123BD9D59002F88D7 /* ViewController.swift in Sources */ = {isa = PBXBuildFile; fileRef = 6E30D91023BD9D59002F88D7 /* ViewController.swift */; };
		6E30D91423BD9D59002F88D7 /* Main.storyboard in Resources */ = {isa = PBXBuildFile; fileRef = 6E30D91223BD9D59002F88D7 /* Main.storyboard */; };
		6E30D91623BD9D5A002F88D7 /* Assets.xcassets in Resources */ = {isa = PBXBuildFile; fileRef = 6E30D91523BD9D5A002F88D7 /* Assets.xcassets */; };
		6E30D91923BD9D5A002F88D7 /* LaunchScreen.storyboard in Resources */ = {isa = PBXBuildFile; fileRef = 6E30D91723BD9D5A002F88D7 /* LaunchScreen.storyboard */; };
		6E30D92423BD9D5A002F88D7 /* tippyTests.swift in Sources */ = {isa = PBXBuildFile; fileRef = 6E30D92323BD9D5A002F88D7 /* tippyTests.swift */; };
		6E30D92F23BD9D5A002F88D7 /* tippyUITests.swift in Sources */ = {isa = PBXBuildFile; fileRef = 6E30D92E23BD9D5A002F88D7 /* tippyUITests.swift */; };
		6E30D93D23BDD207002F88D7 /* SettingsViewController.swift in Sources */ = {isa = PBXBuildFile; fileRef = 6E30D93C23BDD207002F88D7 /* SettingsViewController.swift */; };
/* End PBXBuildFile section */

/* Begin PBXContainerItemProxy section */
		6E30D92023BD9D5A002F88D7 /* PBXContainerItemProxy */ = {
			isa = PBXContainerItemProxy;
			containerPortal = 6E30D90123BD9D59002F88D7 /* Project object */;
			proxyType = 1;
			remoteGlobalIDString = 6E30D90823BD9D59002F88D7;
			remoteInfo = tippy;
		};
		6E30D92B23BD9D5A002F88D7 /* PBXContainerItemProxy */ = {
			isa = PBXContainerItemProxy;
			containerPortal = 6E30D90123BD9D59002F88D7 /* Project object */;
			proxyType = 1;
			remoteGlobalIDString = 6E30D90823BD9D59002F88D7;
			remoteInfo = tippy;
		};
/* End PBXContainerItemProxy section */

/* Begin PBXFileReference section */
		6E30D90923BD9D59002F88D7 /* tippy.app */ = {isa = PBXFileReference; explicitFileType = wrapper.application; includeInIndex = 0; path = tippy.app; sourceTree = BUILT_PRODUCTS_DIR; };
		6E30D90C23BD9D59002F88D7 /* AppDelegate.swift */ = {isa = PBXFileReference; lastKnownFileType = sourcecode.swift; path = AppDelegate.swift; sourceTree = "<group>"; };
		6E30D90E23BD9D59002F88D7 /* SceneDelegate.swift */ = {isa = PBXFileReference; lastKnownFileType = sourcecode.swift; path = SceneDelegate.swift; sourceTree = "<group>"; };
		6E30D91023BD9D59002F88D7 /* ViewController.swift */ = {isa = PBXFileReference; lastKnownFileType = sourcecode.swift; path = ViewController.swift; sourceTree = "<group>"; };
		6E30D91323BD9D59002F88D7 /* Base */ = {isa = PBXFileReference; lastKnownFileType = file.storyboard; name = Base; path = Base.lproj/Main.storyboard; sourceTree = "<group>"; };
		6E30D91523BD9D5A002F88D7 /* Assets.xcassets */ = {isa = PBXFileReference; lastKnownFileType = folder.assetcatalog; path = Assets.xcassets; sourceTree = "<group>"; };
		6E30D91823BD9D5A002F88D7 /* Base */ = {isa = PBXFileReference; lastKnownFileType = file.storyboard; name = Base; path = Base.lproj/LaunchScreen.storyboard; sourceTree = "<group>"; };
		6E30D91A23BD9D5A002F88D7 /* Info.plist */ = {isa = PBXFileReference; lastKnownFileType = text.plist.xml; path = Info.plist; sourceTree = "<group>"; };
		6E30D91F23BD9D5A002F88D7 /* tippyTests.xctest */ = {isa = PBXFileReference; explicitFileType = wrapper.cfbundle; includeInIndex = 0; path = tippyTests.xctest; sourceTree = BUILT_PRODUCTS_DIR; };
		6E30D92323BD9D5A002F88D7 /* tippyTests.swift */ = {isa = PBXFileReference; lastKnownFileType = sourcecode.swift; path = tippyTests.swift; sourceTree = "<group>"; };
		6E30D92523BD9D5A002F88D7 /* Info.plist */ = {isa = PBXFileReference; lastKnownFileType = text.plist.xml; path = Info.plist; sourceTree = "<group>"; };
		6E30D92A23BD9D5A002F88D7 /* tippyUITests.xctest */ = {isa = PBXFileReference; explicitFileType = wrapper.cfbundle; includeInIndex = 0; path = tippyUITests.xctest; sourceTree = BUILT_PRODUCTS_DIR; };
		6E30D92E23BD9D5A002F88D7 /* tippyUITests.swift */ = {isa = PBXFileReference; lastKnownFileType = sourcecode.swift; path = tippyUITests.swift; sourceTree = "<group>"; };
		6E30D93023BD9D5A002F88D7 /* Info.plist */ = {isa = PBXFileReference; lastKnownFileType = text.plist.xml; path = Info.plist; sourceTree = "<group>"; };
		6E30D93C23BDD207002F88D7 /* SettingsViewController.swift */ = {isa = PBXFileReference; lastKnownFileType = sourcecode.swift; path = SettingsViewController.swift; sourceTree = "<group>"; };
/* End PBXFileReference section */

/* Begin PBXFrameworksBuildPhase section */
		6E30D90623BD9D59002F88D7 /* Frameworks */ = {
			isa = PBXFrameworksBuildPhase;
			buildActionMask = 2147483647;
			files = (
			);
			runOnlyForDeploymentPostprocessing = 0;
		};
		6E30D91C23BD9D5A002F88D7 /* Frameworks */ = {
			isa = PBXFrameworksBuildPhase;
			buildActionMask = 2147483647;
			files = (
			);
			runOnlyForDeploymentPostprocessing = 0;
		};
		6E30D92723BD9D5A002F88D7 /* Frameworks */ = {
			isa = PBXFrameworksBuildPhase;
			buildActionMask = 2147483647;
			files = (
			);
			runOnlyForDeploymentPostprocessing = 0;
		};
/* End PBXFrameworksBuildPhase section */

/* Begin PBXGroup section */
		6E30D90023BD9D59002F88D7 = {
			isa = PBXGroup;
			children = (
				6E30D90B23BD9D59002F88D7 /* tippy */,
				6E30D92223BD9D5A002F88D7 /* tippyTests */,
				6E30D92D23BD9D5A002F88D7 /* tippyUITests */,
				6E30D90A23BD9D59002F88D7 /* Products */,
			);
			sourceTree = "<group>";
		};
		6E30D90A23BD9D59002F88D7 /* Products */ = {
			isa = PBXGroup;
			children = (
				6E30D90923BD9D59002F88D7 /* tippy.app */,
				6E30D91F23BD9D5A002F88D7 /* tippyTests.xctest */,
				6E30D92A23BD9D5A002F88D7 /* tippyUITests.xctest */,
			);
			name = Products;
			sourceTree = "<group>";
		};
		6E30D90B23BD9D59002F88D7 /* tippy */ = {
			isa = PBXGroup;
			children = (
				6E30D90C23BD9D59002F88D7 /* AppDelegate.swift */,
				6E30D90E23BD9D59002F88D7 /* SceneDelegate.swift */,
				6E30D91023BD9D59002F88D7 /* ViewController.swift */,
				6E30D91223BD9D59002F88D7 /* Main.storyboard */,
				6E30D93C23BDD207002F88D7 /* SettingsViewController.swift */,
				6E30D91523BD9D5A002F88D7 /* Assets.xcassets */,
				6E30D91723BD9D5A002F88D7 /* LaunchScreen.storyboard */,
				6E30D91A23BD9D5A002F88D7 /* Info.plist */,
			);
			path = tippy;
			sourceTree = "<group>";
		};
		6E30D92223BD9D5A002F88D7 /* tippyTests */ = {
			isa = PBXGroup;
			children = (
				6E30D92323BD9D5A002F88D7 /* tippyTests.swift */,
				6E30D92523BD9D5A002F88D7 /* Info.plist */,
			);
			path = tippyTests;
			sourceTree = "<group>";
		};
		6E30D92D23BD9D5A002F88D7 /* tippyUITests */ = {
			isa = PBXGroup;
			children = (
				6E30D92E23BD9D5A002F88D7 /* tippyUITests.swift */,
				6E30D93023BD9D5A002F88D7 /* Info.plist */,
			);
			path = tippyUITests;
			sourceTree = "<group>";
		};
/* End PBXGroup section */

/* Begin PBXNativeTarget section */
		6E30D90823BD9D59002F88D7 /* tippy */ = {
			isa = PBXNativeTarget;
			buildConfigurationList = 6E30D93323BD9D5A002F88D7 /* Build configuration list for PBXNativeTarget "tippy" */;
			buildPhases = (
				6E30D90523BD9D59002F88D7 /* Sources */,
				6E30D90623BD9D59002F88D7 /* Frameworks */,
				6E30D90723BD9D59002F88D7 /* Resources */,
			);
			buildRules = (
			);
			dependencies = (
			);
			name = tippy;
			productName = tippy;
			productReference = 6E30D90923BD9D59002F88D7 /* tippy.app */;
			productType = "com.apple.product-type.application";
		};
		6E30D91E23BD9D5A002F88D7 /* tippyTests */ = {
			isa = PBXNativeTarget;
			buildConfigurationList = 6E30D93623BD9D5A002F88D7 /* Build configuration list for PBXNativeTarget "tippyTests" */;
			buildPhases = (
				6E30D91B23BD9D5A002F88D7 /* Sources */,
				6E30D91C23BD9D5A002F88D7 /* Frameworks */,
				6E30D91D23BD9D5A002F88D7 /* Resources */,
			);
			buildRules = (
			);
			dependencies = (
				6E30D92123BD9D5A002F88D7 /* PBXTargetDependency */,
			);
			name = tippyTests;
			productName = tippyTests;
			productReference = 6E30D91F23BD9D5A002F88D7 /* tippyTests.xctest */;
			productType = "com.apple.product-type.bundle.unit-test";
		};
		6E30D92923BD9D5A002F88D7 /* tippyUITests */ = {
			isa = PBXNativeTarget;
			buildConfigurationList = 6E30D93923BD9D5A002F88D7 /* Build configuration list for PBXNativeTarget "tippyUITests" */;
			buildPhases = (
				6E30D92623BD9D5A002F88D7 /* Sources */,
				6E30D92723BD9D5A002F88D7 /* Frameworks */,
				6E30D92823BD9D5A002F88D7 /* Resources */,
			);
			buildRules = (
			);
			dependencies = (
				6E30D92C23BD9D5A002F88D7 /* PBXTargetDependency */,
			);
			name = tippyUITests;
			productName = tippyUITests;
			productReference = 6E30D92A23BD9D5A002F88D7 /* tippyUITests.xctest */;
			productType = "com.apple.product-type.bundle.ui-testing";
		};
/* End PBXNativeTarget section */

/* Begin PBXProject section */
		6E30D90123BD9D59002F88D7 /* Project object */ = {
			isa = PBXProject;
			attributes = {
				LastSwiftUpdateCheck = 1130;
				LastUpgradeCheck = 1130;
				ORGANIZATIONNAME = Haroon;
				TargetAttributes = {
					6E30D90823BD9D59002F88D7 = {
						CreatedOnToolsVersion = 11.3;
					};
					6E30D91E23BD9D5A002F88D7 = {
						CreatedOnToolsVersion = 11.3;
						TestTargetID = 6E30D90823BD9D59002F88D7;
					};
					6E30D92923BD9D5A002F88D7 = {
						CreatedOnToolsVersion = 11.3;
						TestTargetID = 6E30D90823BD9D59002F88D7;
					};
				};
			};
			buildConfigurationList = 6E30D90423BD9D59002F88D7 /* Build configuration list for PBXProject "tippy" */;
			compatibilityVersion = "Xcode 9.3";
			developmentRegion = en;
			hasScannedForEncodings = 0;
			knownRegions = (
				en,
				Base,
			);
			mainGroup = 6E30D90023BD9D59002F88D7;
			productRefGroup = 6E30D90A23BD9D59002F88D7 /* Products */;
			projectDirPath = "";
			projectRoot = "";
			targets = (
				6E30D90823BD9D59002F88D7 /* tippy */,
				6E30D91E23BD9D5A002F88D7 /* tippyTests */,
				6E30D92923BD9D5A002F88D7 /* tippyUITests */,
			);
		};
/* End PBXProject section */

/* Begin PBXResourcesBuildPhase section */
		6E30D90723BD9D59002F88D7 /* Resources */ = {
			isa = PBXResourcesBuildPhase;
			buildActionMask = 2147483647;
			files = (
				6E30D91923BD9D5A002F88D7 /* LaunchScreen.storyboard in Resources */,
				6E30D91623BD9D5A002F88D7 /* Assets.xcassets in Resources */,
				6E30D91423BD9D59002F88D7 /* Main.storyboard in Resources */,
			);
			runOnlyForDeploymentPostprocessing = 0;
		};
		6E30D91D23BD9D5A002F88D7 /* Resources */ = {
			isa = PBXResourcesBuildPhase;
			buildActionMask = 2147483647;
			files = (
			);
			runOnlyForDeploymentPostprocessing = 0;
		};
		6E30D92823BD9D5A002F88D7 /* Resources */ = {
			isa = PBXResourcesBuildPhase;
			buildActionMask = 2147483647;
			files = (
			);
			runOnlyForDeploymentPostprocessing = 0;
		};
/* End PBXResourcesBuildPhase section */

/* Begin PBXSourcesBuildPhase section */
		6E30D90523BD9D59002F88D7 /* Sources */ = {
			isa = PBXSourcesBuildPhase;
			buildActionMask = 2147483647;
			files = (
				6E30D91123BD9D59002F88D7 /* ViewController.swift in Sources */,
				6E30D90D23BD9D59002F88D7 /* AppDelegate.swift in Sources */,
				6E30D90F23BD9D59002F88D7 /* SceneDelegate.swift in Sources */,
				6E30D93D23BDD207002F88D7 /* SettingsViewController.swift in Sources */,
			);
			runOnlyForDeploymentPostprocessing = 0;
		};
		6E30D91B23BD9D5A002F88D7 /* Sources */ = {
			isa = PBXSourcesBuildPhase;
			buildActionMask = 2147483647;
			files = (
				6E30D92423BD9D5A002F88D7 /* tippyTests.swift in Sources */,
			);
			runOnlyForDeploymentPostprocessing = 0;
		};
		6E30D92623BD9D5A002F88D7 /* Sources */ = {
			isa = PBXSourcesBuildPhase;
			buildActionMask = 2147483647;
			files = (
				6E30D92F23BD9D5A002F88D7 /* tippyUITests.swift in Sources */,
			);
			runOnlyForDeploymentPostprocessing = 0;
		};
/* End PBXSourcesBuildPhase section */

/* Begin PBXTargetDependency section */
		6E30D92123BD9D5A002F88D7 /* PBXTargetDependency */ = {
			isa = PBXTargetDependency;
			target = 6E30D90823BD9D59002F88D7 /* tippy */;
			targetProxy = 6E30D92023BD9D5A002F88D7 /* PBXContainerItemProxy */;
		};
		6E30D92C23BD9D5A002F88D7 /* PBXTargetDependency */ = {
			isa = PBXTargetDependency;
			target = 6E30D90823BD9D59002F88D7 /* tippy */;
			targetProxy = 6E30D92B23BD9D5A002F88D7 /* PBXContainerItemProxy */;
		};
/* End PBXTargetDependency section */

/* Begin PBXVariantGroup section */
		6E30D91223BD9D59002F88D7 /* Main.storyboard */ = {
			isa = PBXVariantGroup;
			children = (
				6E30D91323BD9D59002F88D7 /* Base */,
			);
			name = Main.storyboard;
			sourceTree = "<group>";
		};
		6E30D91723BD9D5A002F88D7 /* LaunchScreen.storyboard */ = {
			isa = PBXVariantGroup;
			children = (
				6E30D91823BD9D5A002F88D7 /* Base */,
			);
			name = LaunchScreen.storyboard;
			sourceTree = "<group>";
		};
/* End PBXVariantGroup section */

/* Begin XCBuildConfiguration section */
		6E30D93123BD9D5A002F88D7 /* Debug */ = {
			isa = XCBuildConfiguration;
			buildSettings = {
				ALWAYS_SEARCH_USER_PATHS = NO;
				CLANG_ANALYZER_NONNULL = YES;
				CLANG_ANALYZER_NUMBER_OBJECT_CONVERSION = YES_AGGRESSIVE;
				CLANG_CXX_LANGUAGE_STANDARD = "gnu++14";
				CLANG_CXX_LIBRARY = "libc++";
				CLANG_ENABLE_MODULES = YES;
				CLANG_ENABLE_OBJC_ARC = YES;
				CLANG_ENABLE_OBJC_WEAK = YES;
				CLANG_WARN_BLOCK_CAPTURE_AUTORELEASING = YES;
				CLANG_WARN_BOOL_CONVERSION = YES;
				CLANG_WARN_COMMA = YES;
				CLANG_WARN_CONSTANT_CONVERSION = YES;
				CLANG_WARN_DEPRECATED_OBJC_IMPLEMENTATIONS = YES;
				CLANG_WARN_DIRECT_OBJC_ISA_USAGE = YES_ERROR;
				CLANG_WARN_DOCUMENTATION_COMMENTS = YES;
				CLANG_WARN_EMPTY_BODY = YES;
				CLANG_WARN_ENUM_CONVERSION = YES;
				CLANG_WARN_INFINITE_RECURSION = YES;
				CLANG_WARN_INT_CONVERSION = YES;
				CLANG_WARN_NON_LITERAL_NULL_CONVERSION = YES;
				CLANG_WARN_OBJC_IMPLICIT_RETAIN_SELF = YES;
				CLANG_WARN_OBJC_LITERAL_CONVERSION = YES;
				CLANG_WARN_OBJC_ROOT_CLASS = YES_ERROR;
				CLANG_WARN_RANGE_LOOP_ANALYSIS = YES;
				CLANG_WARN_STRICT_PROTOTYPES = YES;
				CLANG_WARN_SUSPICIOUS_MOVE = YES;
				CLANG_WARN_UNGUARDED_AVAILABILITY = YES_AGGRESSIVE;
				CLANG_WARN_UNREACHABLE_CODE = YES;
				CLANG_WARN__DUPLICATE_METHOD_MATCH = YES;
				COPY_PHASE_STRIP = NO;
				DEBUG_INFORMATION_FORMAT = dwarf;
				ENABLE_STRICT_OBJC_MSGSEND = YES;
				ENABLE_TESTABILITY = YES;
				GCC_C_LANGUAGE_STANDARD = gnu11;
				GCC_DYNAMIC_NO_PIC = NO;
				GCC_NO_COMMON_BLOCKS = YES;
				GCC_OPTIMIZATION_LEVEL = 0;
				GCC_PREPROCESSOR_DEFINITIONS = (
					"DEBUG=1",
					"$(inherited)",
				);
				GCC_WARN_64_TO_32_BIT_CONVERSION = YES;
				GCC_WARN_ABOUT_RETURN_TYPE = YES_ERROR;
				GCC_WARN_UNDECLARED_SELECTOR = YES;
				GCC_WARN_UNINITIALIZED_AUTOS = YES_AGGRESSIVE;
				GCC_WARN_UNUSED_FUNCTION = YES;
				GCC_WARN_UNUSED_VARIABLE = YES;
				IPHONEOS_DEPLOYMENT_TARGET = 13.2;
				MTL_ENABLE_DEBUG_INFO = INCLUDE_SOURCE;
				MTL_FAST_MATH = YES;
				ONLY_ACTIVE_ARCH = YES;
				SDKROOT = iphoneos;
				SWIFT_ACTIVE_COMPILATION_CONDITIONS = DEBUG;
				SWIFT_OPTIMIZATION_LEVEL = "-Onone";
			};
			name = Debug;
		};
		6E30D93223BD9D5A002F88D7 /* Release */ = {
			isa = XCBuildConfiguration;
			buildSettings = {
				ALWAYS_SEARCH_USER_PATHS = NO;
				CLANG_ANALYZER_NONNULL = YES;
				CLANG_ANALYZER_NUMBER_OBJECT_CONVERSION = YES_AGGRESSIVE;
				CLANG_CXX_LANGUAGE_STANDARD = "gnu++14";
				CLANG_CXX_LIBRARY = "libc++";
				CLANG_ENABLE_MODULES = YES;
				CLANG_ENABLE_OBJC_ARC = YES;
				CLANG_ENABLE_OBJC_WEAK = YES;
				CLANG_WARN_BLOCK_CAPTURE_AUTORELEASING = YES;
				CLANG_WARN_BOOL_CONVERSION = YES;
				CLANG_WARN_COMMA = YES;
				CLANG_WARN_CONSTANT_CONVERSION = YES;
				CLANG_WARN_DEPRECATED_OBJC_IMPLEMENTATIONS = YES;
				CLANG_WARN_DIRECT_OBJC_ISA_USAGE = YES_ERROR;
				CLANG_WARN_DOCUMENTATION_COMMENTS = YES;
				CLANG_WARN_EMPTY_BODY = YES;
				CLANG_WARN_ENUM_CONVERSION = YES;
				CLANG_WARN_INFINITE_RECURSION = YES;
				CLANG_WARN_INT_CONVERSION = YES;
				CLANG_WARN_NON_LITERAL_NULL_CONVERSION = YES;
				CLANG_WARN_OBJC_IMPLICIT_RETAIN_SELF = YES;
				CLANG_WARN_OBJC_LITERAL_CONVERSION = YES;
				CLANG_WARN_OBJC_ROOT_CLASS = YES_ERROR;
				CLANG_WARN_RANGE_LOOP_ANALYSIS = YES;
				CLANG_WARN_STRICT_PROTOTYPES = YES;
				CLANG_WARN_SUSPICIOUS_MOVE = YES;
				CLANG_WARN_UNGUARDED_AVAILABILITY = YES_AGGRESSIVE;
				CLANG_WARN_UNREACHABLE_CODE = YES;
				CLANG_WARN__DUPLICATE_METHOD_MATCH = YES;
				COPY_PHASE_STRIP = NO;
				DEBUG_INFORMATION_FORMAT = "dwarf-with-dsym";
				ENABLE_NS_ASSERTIONS = NO;
				ENABLE_STRICT_OBJC_MSGSEND = YES;
				GCC_C_LANGUAGE_STANDARD = gnu11;
				GCC_NO_COMMON_BLOCKS = YES;
				GCC_WARN_64_TO_32_BIT_CONVERSION = YES;
				GCC_WARN_ABOUT_RETURN_TYPE = YES_ERROR;
				GCC_WARN_UNDECLARED_SELECTOR = YES;
				GCC_WARN_UNINITIALIZED_AUTOS = YES_AGGRESSIVE;
				GCC_WARN_UNUSED_FUNCTION = YES;
				GCC_WARN_UNUSED_VARIABLE = YES;
				IPHONEOS_DEPLOYMENT_TARGET = 13.2;
				MTL_ENABLE_DEBUG_INFO = NO;
				MTL_FAST_MATH = YES;
				SDKROOT = iphoneos;
				SWIFT_COMPILATION_MODE = wholemodule;
				SWIFT_OPTIMIZATION_LEVEL = "-O";
				VALIDATE_PRODUCT = YES;
			};
			name = Release;
		};
		6E30D93423BD9D5A002F88D7 /* Debug */ = {
			isa = XCBuildConfiguration;
			buildSettings = {
				ASSETCATALOG_COMPILER_APPICON_NAME = AppIcon;
				CODE_SIGN_STYLE = Automatic;
				INFOPLIST_FILE = tippy/Info.plist;
				LD_RUNPATH_SEARCH_PATHS = (
					"$(inherited)",
					"@executable_path/Frameworks",
				);
				PRODUCT_BUNDLE_IDENTIFIER = haroon.tippy;
				PRODUCT_NAME = "$(TARGET_NAME)";
				SWIFT_VERSION = 5.0;
				TARGETED_DEVICE_FAMILY = "1,2";
			};
			name = Debug;
		};
		6E30D93523BD9D5A002F88D7 /* Release */ = {
			isa = XCBuildConfiguration;
			buildSettings = {
				ASSETCATALOG_COMPILER_APPICON_NAME = AppIcon;
				CODE_SIGN_STYLE = Automatic;
				INFOPLIST_FILE = tippy/Info.plist;
				LD_RUNPATH_SEARCH_PATHS = (
					"$(inherited)",
					"@executable_path/Frameworks",
				);
				PRODUCT_BUNDLE_IDENTIFIER = haroon.tippy;
				PRODUCT_NAME = "$(TARGET_NAME)";
				SWIFT_VERSION = 5.0;
				TARGETED_DEVICE_FAMILY = "1,2";
			};
			name = Release;
		};
		6E30D93723BD9D5A002F88D7 /* Debug */ = {
			isa = XCBuildConfiguration;
			buildSettings = {
				ALWAYS_EMBED_SWIFT_STANDARD_LIBRARIES = YES;
				BUNDLE_LOADER = "$(TEST_HOST)";
				CODE_SIGN_STYLE = Automatic;
				INFOPLIST_FILE = tippyTests/Info.plist;
				IPHONEOS_DEPLOYMENT_TARGET = 13.2;
				LD_RUNPATH_SEARCH_PATHS = (
					"$(inherited)",
					"@executable_path/Frameworks",
					"@loader_path/Frameworks",
				);
				PRODUCT_BUNDLE_IDENTIFIER = haroon.tippyTests;
				PRODUCT_NAME = "$(TARGET_NAME)";
				SWIFT_VERSION = 5.0;
				TARGETED_DEVICE_FAMILY = "1,2";
				TEST_HOST = "$(BUILT_PRODUCTS_DIR)/tippy.app/tippy";
			};
			name = Debug;
		};
		6E30D93823BD9D5A002F88D7 /* Release */ = {
			isa = XCBuildConfiguration;
			buildSettings = {
				ALWAYS_EMBED_SWIFT_STANDARD_LIBRARIES = YES;
				BUNDLE_LOADER = "$(TEST_HOST)";
				CODE_SIGN_STYLE = Automatic;
				INFOPLIST_FILE = tippyTests/Info.plist;
				IPHONEOS_DEPLOYMENT_TARGET = 13.2;
				LD_RUNPATH_SEARCH_PATHS = (
					"$(inherited)",
					"@executable_path/Frameworks",
					"@loader_path/Frameworks",
				);
				PRODUCT_BUNDLE_IDENTIFIER = haroon.tippyTests;
				PRODUCT_NAME = "$(TARGET_NAME)";
				SWIFT_VERSION = 5.0;
				TARGETED_DEVICE_FAMILY = "1,2";
				TEST_HOST = "$(BUILT_PRODUCTS_DIR)/tippy.app/tippy";
			};
			name = Release;
		};
		6E30D93A23BD9D5A002F88D7 /* Debug */ = {
			isa = XCBuildConfiguration;
			buildSettings = {
				ALWAYS_EMBED_SWIFT_STANDARD_LIBRARIES = YES;
				CODE_SIGN_STYLE = Automatic;
				INFOPLIST_FILE = tippyUITests/Info.plist;
				LD_RUNPATH_SEARCH_PATHS = (
					"$(inherited)",
					"@executable_path/Frameworks",
					"@loader_path/Frameworks",
				);
				PRODUCT_BUNDLE_IDENTIFIER = haroon.tippyUITests;
				PRODUCT_NAME = "$(TARGET_NAME)";
				SWIFT_VERSION = 5.0;
				TARGETED_DEVICE_FAMILY = "1,2";
				TEST_TARGET_NAME = tippy;
			};
			name = Debug;
		};
		6E30D93B23BD9D5A002F88D7 /* Release */ = {
			isa = XCBuildConfiguration;
			buildSettings = {
				ALWAYS_EMBED_SWIFT_STANDARD_LIBRARIES = YES;
				CODE_SIGN_STYLE = Automatic;
				INFOPLIST_FILE = tippyUITests/Info.plist;
				LD_RUNPATH_SEARCH_PATHS = (
					"$(inherited)",
					"@executable_path/Frameworks",
					"@loader_path/Frameworks",
				);
				PRODUCT_BUNDLE_IDENTIFIER = haroon.tippyUITests;
				PRODUCT_NAME = "$(TARGET_NAME)";
				SWIFT_VERSION = 5.0;
				TARGETED_DEVICE_FAMILY = "1,2";
				TEST_TARGET_NAME = tippy;
			};
			name = Release;
		};
/* End XCBuildConfiguration section */

/* Begin XCConfigurationList section */
		6E30D90423BD9D59002F88D7 /* Build configuration list for PBXProject "tippy" */ = {
			isa = XCConfigurationList;
			buildConfigurations = (
				6E30D93123BD9D5A002F88D7 /* Debug */,
				6E30D93223BD9D5A002F88D7 /* Release */,
			);
			defaultConfigurationIsVisible = 0;
			defaultConfigurationName = Release;
		};
		6E30D93323BD9D5A002F88D7 /* Build configuration list for PBXNativeTarget "tippy" */ = {
			isa = XCConfigurationList;
			buildConfigurations = (
				6E30D93423BD9D5A002F88D7 /* Debug */,
				6E30D93523BD9D5A002F88D7 /* Release */,
			);
			defaultConfigurationIsVisible = 0;
			defaultConfigurationName = Release;
		};
		6E30D93623BD9D5A002F88D7 /* Build configuration list for PBXNativeTarget "tippyTests" */ = {
			isa = XCConfigurationList;
			buildConfigurations = (
				6E30D93723BD9D5A002F88D7 /* Debug */,
				6E30D93823BD9D5A002F88D7 /* Release */,
			);
			defaultConfigurationIsVisible = 0;
			defaultConfigurationName = Release;
		};
		6E30D93923BD9D5A002F88D7 /* Build configuration list for PBXNativeTarget "tippyUITests" */ = {
			isa = XCConfigurationList;
			buildConfigurations = (
				6E30D93A23BD9D5A002F88D7 /* Debug */,
				6E30D93B23BD9D5A002F88D7 /* Release */,
			);
			defaultConfigurationIsVisible = 0;
			defaultConfigurationName = Release;
		};
/* End XCConfigurationList section */
	};
	rootObject = 6E30D90123BD9D59002F88D7 /* Project object */;
}
